
Microsoft Visual Studio Solution File, Format Version 12.00
# Visual Studio Version 16
VisualStudioVersion = 16.0.31005.135
MinimumVisualStudioVersion = 10.0.40219.1
Project("{FAE04EC0-301F-11D3-BF4B-00C04F79EFBC}") = "tictactoeNy", "tictactoeNy\tictactoeNy.csproj", "{8D632B75-3C8E-49DC-932B-C6EBEF721130}"
EndProject
Global
	GlobalSection(SolutionConfigurationPlatforms) = preSolution
		Debug|Any CPU = Debug|Any CPU
		Release|Any CPU = Release|Any CPU
	EndGlobalSection
	GlobalSection(ProjectConfigurationPlatforms) = postSolution
		{8D632B75-3C8E-49DC-932B-C6EBEF721130}.Debug|Any CPU.ActiveCfg = Debug|Any CPU
		{8D632B75-3C8E-49DC-932B-C6EBEF721130}.Debug|Any CPU.Build.0 = Debug|Any CPU
		{8D632B75-3C8E-49DC-932B-C6EBEF721130}.Release|Any CPU.ActiveCfg = Release|Any CPU
		{8D632B75-3C8E-49DC-932B-C6EBEF721130}.Release|Any CPU.Build.0 = Release|Any CPU
	EndGlobalSection
	GlobalSection(SolutionProperties) = preSolution
		HideSolutionNode = FALSE
	EndGlobalSection
	GlobalSection(ExtensibilityGlobals) = postSolution
		SolutionGuid = {8875F0FB-4A8C-4011-9450-6885CEDC8092}
	EndGlobalSection
EndGlobal
